
Microsoft Visual Studio Solution File, Format Version 12.00
# Visual Studio Version 17
VisualStudioVersion = 17.14.36203.30
MinimumVisualStudioVersion = 10.0.40219.1
Project("{FAE04EC0-301F-11D3-BF4B-00C04F79EFBC}") = "MotorsportErp.Domain", "MotorsportErp.Domain\MotorsportErp.Domain.csproj", "{231D1F28-B22B-46FD-942D-CDF77008BEC7}"
EndProject
Project("{FAE04EC0-301F-11D3-BF4B-00C04F79EFBC}") = "MotorsportErp.Application", "MotorsportErp.Application\MotorsportErp.Application.csproj", "{8EAB74A8-146A-4B40-9BFE-11246BE5026A}"
EndProject
Project("{FAE04EC0-301F-11D3-BF4B-00C04F79EFBC}") = "MotorsportErp.Infrastructure", "MotorsportErp.Infrastructure\MotorsportErp.Infrastructure.csproj", "{8C180980-189C-44C2-936B-1C534B66110A}"
EndProject
Global
	GlobalSection(SolutionConfigurationPlatforms) = preSolution
		Debug|Any CPU = Debug|Any CPU
		Release|Any CPU = Release|Any CPU
	EndGlobalSection
	GlobalSection(ProjectConfigurationPlatforms) = postSolution
		{231D1F28-B22B-46FD-942D-CDF77008BEC7}.Debug|Any CPU.ActiveCfg = Debug|Any CPU
		{231D1F28-B22B-46FD-942D-CDF77008BEC7}.Debug|Any CPU.Build.0 = Debug|Any CPU
		{231D1F28-B22B-46FD-942D-CDF77008BEC7}.Release|Any CPU.ActiveCfg = Release|Any CPU
		{231D1F28-B22B-46FD-942D-CDF77008BEC7}.Release|Any CPU.Build.0 = Release|Any CPU
		{8EAB74A8-146A-4B40-9BFE-11246BE5026A}.Debug|Any CPU.ActiveCfg = Debug|Any CPU
		{8EAB74A8-146A-4B40-9BFE-11246BE5026A}.Debug|Any CPU.Build.0 = Debug|Any CPU
		{8EAB74A8-146A-4B40-9BFE-11246BE5026A}.Release|Any CPU.ActiveCfg = Release|Any CPU
		{8EAB74A8-146A-4B40-9BFE-11246BE5026A}.Release|Any CPU.Build.0 = Release|Any CPU
		{8C180980-189C-44C2-936B-1C534B66110A}.Debug|Any CPU.ActiveCfg = Debug|Any CPU
		{8C180980-189C-44C2-936B-1C534B66110A}.Debug|Any CPU.Build.0 = Debug|Any CPU
		{8C180980-189C-44C2-936B-1C534B66110A}.Release|Any CPU.ActiveCfg = Release|Any CPU
		{8C180980-189C-44C2-936B-1C534B66110A}.Release|Any CPU.Build.0 = Release|Any CPU
	EndGlobalSection
	GlobalSection(SolutionProperties) = preSolution
		HideSolutionNode = FALSE
	EndGlobalSection
	GlobalSection(ExtensibilityGlobals) = postSolution
		SolutionGuid = {D5798332-C5FA-40F6-88CC-7131429A69B6}
	EndGlobalSection
EndGlobal
